
Microsoft Visual Studio Solution File, Format Version 12.00
# Visual Studio Version 16
VisualStudioVersion = 16.0.35026.282
MinimumVisualStudioVersion = 10.0.40219.1
Project("{8BC9CEB8-8B4A-11D0-8D11-00A0C91BC942}") = "KernelLoverEDR", "KernelLoverEDR\KernelLoverEDR.vcxproj", "{B75C2962-4D5E-4C98-B946-3DFB63ABD7A6}"
EndProject
Project("{8BC9CEB8-8B4A-11D0-8D11-00A0C91BC942}") = "KLEDRStaticAnalyzerEngine", "KLEDRStaticAnalyzerEngine\KLEDRStaticAnalyzerEngine.vcxproj", "{B3D08134-7C65-4A22-8787-B0E9D188CAE6}"
EndProject
Global
	GlobalSection(SolutionConfigurationPlatforms) = preSolution
		Debug|ARM = Debug|ARM
		Debug|ARM64 = Debug|ARM64
		Debug|x64 = Debug|x64
		Debug|x86 = Debug|x86
		Release|ARM = Release|ARM
		Release|ARM64 = Release|ARM64
		Release|x64 = Release|x64
		Release|x86 = Release|x86
	EndGlobalSection
	GlobalSection(ProjectConfigurationPlatforms) = postSolution
		{B75C2962-4D5E-4C98-B946-3DFB63ABD7A6}.Debug|ARM.ActiveCfg = Debug|ARM
		{B75C2962-4D5E-4C98-B946-3DFB63ABD7A6}.Debug|ARM.Build.0 = Debug|ARM
		{B75C2962-4D5E-4C98-B946-3DFB63ABD7A6}.Debug|ARM.Deploy.0 = Debug|ARM
		{B75C2962-4D5E-4C98-B946-3DFB63ABD7A6}.Debug|ARM64.ActiveCfg = Debug|ARM64
		{B75C2962-4D5E-4C98-B946-3DFB63ABD7A6}.Debug|ARM64.Build.0 = Debug|ARM64
		{B75C2962-4D5E-4C98-B946-3DFB63ABD7A6}.Debug|ARM64.Deploy.0 = Debug|ARM64
		{B75C2962-4D5E-4C98-B946-3DFB63ABD7A6}.Debug|x64.ActiveCfg = Debug|x64
		{B75C2962-4D5E-4C98-B946-3DFB63ABD7A6}.Debug|x64.Build.0 = Debug|x64
		{B75C2962-4D5E-4C98-B946-3DFB63ABD7A6}.Debug|x64.Deploy.0 = Debug|x64
		{B75C2962-4D5E-4C98-B946-3DFB63ABD7A6}.Debug|x86.ActiveCfg = Debug|Win32
		{B75C2962-4D5E-4C98-B946-3DFB63ABD7A6}.Debug|x86.Build.0 = Debug|Win32
		{B75C2962-4D5E-4C98-B946-3DFB63ABD7A6}.Debug|x86.Deploy.0 = Debug|Win32
		{B75C2962-4D5E-4C98-B946-3DFB63ABD7A6}.Release|ARM.ActiveCfg = Release|ARM
		{B75C2962-4D5E-4C98-B946-3DFB63ABD7A6}.Release|ARM.Build.0 = Release|ARM
		{B75C2962-4D5E-4C98-B946-3DFB63ABD7A6}.Release|ARM.Deploy.0 = Release|ARM
		{B75C2962-4D5E-4C98-B946-3DFB63ABD7A6}.Release|ARM64.ActiveCfg = Release|ARM64
		{B75C2962-4D5E-4C98-B946-3DFB63ABD7A6}.Release|ARM64.Build.0 = Release|ARM64
		{B75C2962-4D5E-4C98-B946-3DFB63ABD7A6}.Release|ARM64.Deploy.0 = Release|ARM64
		{B75C2962-4D5E-4C98-B946-3DFB63ABD7A6}.Release|x64.ActiveCfg = Release|x64
		{B75C2962-4D5E-4C98-B946-3DFB63ABD7A6}.Release|x64.Build.0 = Release|x64
		{B75C2962-4D5E-4C98-B946-3DFB63ABD7A6}.Release|x64.Deploy.0 = Release|x64
		{B75C2962-4D5E-4C98-B946-3DFB63ABD7A6}.Release|x86.ActiveCfg = Release|Win32
		{B75C2962-4D5E-4C98-B946-3DFB63ABD7A6}.Release|x86.Build.0 = Release|Win32
		{B75C2962-4D5E-4C98-B946-3DFB63ABD7A6}.Release|x86.Deploy.0 = Release|Win32
		{B3D08134-7C65-4A22-8787-B0E9D188CAE6}.Debug|ARM.ActiveCfg = Debug|Win32
		{B3D08134-7C65-4A22-8787-B0E9D188CAE6}.Debug|ARM64.ActiveCfg = Debug|Win32
		{B3D08134-7C65-4A22-8787-B0E9D188CAE6}.Debug|x64.ActiveCfg = Debug|x64
		{B3D08134-7C65-4A22-8787-B0E9D188CAE6}.Debug|x64.Build.0 = Debug|x64
		{B3D08134-7C65-4A22-8787-B0E9D188CAE6}.Debug|x86.ActiveCfg = Debug|Win32
		{B3D08134-7C65-4A22-8787-B0E9D188CAE6}.Debug|x86.Build.0 = Debug|Win32
		{B3D08134-7C65-4A22-8787-B0E9D188CAE6}.Release|ARM.ActiveCfg = Release|Win32
		{B3D08134-7C65-4A22-8787-B0E9D188CAE6}.Release|ARM64.ActiveCfg = Release|Win32
		{B3D08134-7C65-4A22-8787-B0E9D188CAE6}.Release|x64.ActiveCfg = Release|x64
		{B3D08134-7C65-4A22-8787-B0E9D188CAE6}.Release|x64.Build.0 = Release|x64
		{B3D08134-7C65-4A22-8787-B0E9D188CAE6}.Release|x86.ActiveCfg = Release|Win32
		{B3D08134-7C65-4A22-8787-B0E9D188CAE6}.Release|x86.Build.0 = Release|Win32
	EndGlobalSection
	GlobalSection(SolutionProperties) = preSolution
		HideSolutionNode = FALSE
	EndGlobalSection
	GlobalSection(ExtensibilityGlobals) = postSolution
		SolutionGuid = {47E8D1A1-ECC7-4771-965B-C36706DB8966}
	EndGlobalSection
EndGlobal
